
Microsoft Visual Studio Solution File, Format Version 12.00
# Visual Studio Version 16
VisualStudioVersion = 16.0.32106.194
MinimumVisualStudioVersion = 10.0.40219.1
Project("{FAE04EC0-301F-11D3-BF4B-00C04F79EFBC}") = "BookStop", "BookStop.csproj", "{7FA41B80-64BB-42F2-A3DD-1FBF927B73CD}"
EndProject
Global
	GlobalSection(SolutionConfigurationPlatforms) = preSolution
		Debug|Any CPU = Debug|Any CPU
		Release|Any CPU = Release|Any CPU
	EndGlobalSection
	GlobalSection(ProjectConfigurationPlatforms) = postSolution
		{7FA41B80-64BB-42F2-A3DD-1FBF927B73CD}.Debug|Any CPU.ActiveCfg = Debug|Any CPU
		{7FA41B80-64BB-42F2-A3DD-1FBF927B73CD}.Debug|Any CPU.Build.0 = Debug|Any CPU
		{7FA41B80-64BB-42F2-A3DD-1FBF927B73CD}.Release|Any CPU.ActiveCfg = Release|Any CPU
		{7FA41B80-64BB-42F2-A3DD-1FBF927B73CD}.Release|Any CPU.Build.0 = Release|Any CPU
	EndGlobalSection
	GlobalSection(SolutionProperties) = preSolution
		HideSolutionNode = FALSE
	EndGlobalSection
	GlobalSection(ExtensibilityGlobals) = postSolution
		SolutionGuid = {409B05BB-210E-465B-9D87-390663DEC5AF}
	EndGlobalSection
EndGlobal
